
Microsoft Visual Studio Solution File, Format Version 12.00
# Visual Studio 15
VisualStudioVersion = 15.0.26403.7
MinimumVisualStudioVersion = 10.0.40219.1
Project("{FAE04EC0-301F-11D3-BF4B-00C04F79EFBC}") = "strings_app", "strings_app\strings_app.csproj", "{1BD3C83E-B3B1-4C4B-B931-30BA5CD9738F}"
EndProject
Global
	GlobalSection(SolutionConfigurationPlatforms) = preSolution
		Debug|Any CPU = Debug|Any CPU
		Release|Any CPU = Release|Any CPU
	EndGlobalSection
	GlobalSection(ProjectConfigurationPlatforms) = postSolution
		{1BD3C83E-B3B1-4C4B-B931-30BA5CD9738F}.Debug|Any CPU.ActiveCfg = Debug|Any CPU
		{1BD3C83E-B3B1-4C4B-B931-30BA5CD9738F}.Debug|Any CPU.Build.0 = Debug|Any CPU
		{1BD3C83E-B3B1-4C4B-B931-30BA5CD9738F}.Release|Any CPU.ActiveCfg = Release|Any CPU
		{1BD3C83E-B3B1-4C4B-B931-30BA5CD9738F}.Release|Any CPU.Build.0 = Release|Any CPU
	EndGlobalSection
	GlobalSection(SolutionProperties) = preSolution
		HideSolutionNode = FALSE
	EndGlobalSection
EndGlobal
